
Microsoft Visual Studio Solution File, Format Version 12.00
# Visual Studio 2013
VisualStudioVersion = 12.0.40629.0
MinimumVisualStudioVersion = 10.0.40219.1
Project("{FAE04EC0-301F-11D3-BF4B-00C04F79EFBC}") = "HaloEzAPI", "HaloEzAPI.csproj", "{C545AEB4-3493-4875-BF21-7F94A026F10D}"
EndProject
Project("{FAE04EC0-301F-11D3-BF4B-00C04F79EFBC}") = "HaloEzAPI.Abstraction", "..\HaloEzAPI.Abstraction\HaloEzAPI.Abstraction.csproj", "{A317ACB1-568C-40A0-8935-1AC5DCEFD1A0}"
EndProject
Global
	GlobalSection(SolutionConfigurationPlatforms) = preSolution
		Debug|Any CPU = Debug|Any CPU
		Release|Any CPU = Release|Any CPU
	EndGlobalSection
	GlobalSection(ProjectConfigurationPlatforms) = postSolution
		{C545AEB4-3493-4875-BF21-7F94A026F10D}.Debug|Any CPU.ActiveCfg = Debug|Any CPU
		{C545AEB4-3493-4875-BF21-7F94A026F10D}.Debug|Any CPU.Build.0 = Debug|Any CPU
		{C545AEB4-3493-4875-BF21-7F94A026F10D}.Release|Any CPU.ActiveCfg = Release|Any CPU
		{C545AEB4-3493-4875-BF21-7F94A026F10D}.Release|Any CPU.Build.0 = Release|Any CPU
		{A317ACB1-568C-40A0-8935-1AC5DCEFD1A0}.Debug|Any CPU.ActiveCfg = Debug|Any CPU
		{A317ACB1-568C-40A0-8935-1AC5DCEFD1A0}.Debug|Any CPU.Build.0 = Debug|Any CPU
		{A317ACB1-568C-40A0-8935-1AC5DCEFD1A0}.Release|Any CPU.ActiveCfg = Release|Any CPU
		{A317ACB1-568C-40A0-8935-1AC5DCEFD1A0}.Release|Any CPU.Build.0 = Release|Any CPU
	EndGlobalSection
	GlobalSection(SolutionProperties) = preSolution
		HideSolutionNode = FALSE
	EndGlobalSection
EndGlobal
